
Microsoft Visual Studio Solution File, Format Version 12.00
# Visual Studio 15
Project("{FAE04EC0-301F-11D3-BF4B-00C04F79EFBC}") = "ARTripMapbox", "ARTripMapbox.csproj", "{427CC636-A2FF-EA7C-24AC-AD693C7BBB3A}"
EndProject
Project("{FAE04EC0-301F-11D3-BF4B-00C04F79EFBC}") = "ARTripMapbox.Editor", "ARTripMapbox.Editor.csproj", "{04E10EBC-1CF1-177A-523C-E0CFCCC32B65}"
EndProject
Global
	GlobalSection(SolutionConfigurationPlatforms) = preSolution
		Debug|Any CPU = Debug|Any CPU
		Release|Any CPU = Release|Any CPU
	EndGlobalSection
	GlobalSection(ProjectConfigurationPlatforms) = postSolution
		{427CC636-A2FF-EA7C-24AC-AD693C7BBB3A}.Debug|Any CPU.ActiveCfg = Debug|Any CPU
		{427CC636-A2FF-EA7C-24AC-AD693C7BBB3A}.Debug|Any CPU.Build.0 = Debug|Any CPU
		{427CC636-A2FF-EA7C-24AC-AD693C7BBB3A}.Release|Any CPU.ActiveCfg = Release|Any CPU
		{427CC636-A2FF-EA7C-24AC-AD693C7BBB3A}.Release|Any CPU.Build.0 = Release|Any CPU
		{04E10EBC-1CF1-177A-523C-E0CFCCC32B65}.Debug|Any CPU.ActiveCfg = Debug|Any CPU
		{04E10EBC-1CF1-177A-523C-E0CFCCC32B65}.Debug|Any CPU.Build.0 = Debug|Any CPU
		{04E10EBC-1CF1-177A-523C-E0CFCCC32B65}.Release|Any CPU.ActiveCfg = Release|Any CPU
		{04E10EBC-1CF1-177A-523C-E0CFCCC32B65}.Release|Any CPU.Build.0 = Release|Any CPU
	EndGlobalSection
	GlobalSection(SolutionProperties) = preSolution
		HideSolutionNode = FALSE
	EndGlobalSection
EndGlobal
